
Microsoft Visual Studio Solution File, Format Version 12.00
# Visual Studio Version 16
VisualStudioVersion = 16.0.31515.178
MinimumVisualStudioVersion = 10.0.40219.1
Project("{FAE04EC0-301F-11D3-BF4B-00C04F79EFBC}") = "AzfunctioncicdExample", "AzfunctioncicdExample\AzfunctioncicdExample.csproj", "{31D4FF16-D9D1-4B15-A573-767D79FEB0A1}"
EndProject
Global
	GlobalSection(SolutionConfigurationPlatforms) = preSolution
		Debug|Any CPU = Debug|Any CPU
		Release|Any CPU = Release|Any CPU
	EndGlobalSection
	GlobalSection(ProjectConfigurationPlatforms) = postSolution
		{31D4FF16-D9D1-4B15-A573-767D79FEB0A1}.Debug|Any CPU.ActiveCfg = Debug|Any CPU
		{31D4FF16-D9D1-4B15-A573-767D79FEB0A1}.Debug|Any CPU.Build.0 = Debug|Any CPU
		{31D4FF16-D9D1-4B15-A573-767D79FEB0A1}.Release|Any CPU.ActiveCfg = Release|Any CPU
		{31D4FF16-D9D1-4B15-A573-767D79FEB0A1}.Release|Any CPU.Build.0 = Release|Any CPU
	EndGlobalSection
	GlobalSection(SolutionProperties) = preSolution
		HideSolutionNode = FALSE
	EndGlobalSection
	GlobalSection(ExtensibilityGlobals) = postSolution
		SolutionGuid = {34DCC8CE-FC17-48CF-B3CC-9E2D46B75E72}
	EndGlobalSection
EndGlobal
